
Microsoft Visual Studio Solution File, Format Version 12.00
# Visual Studio Version 16
VisualStudioVersion = 25.0.1706.6
MinimumVisualStudioVersion = 10.0.40219.1
Project("{FAE04EC0-301F-11D3-BF4B-00C04F79EFBC}") = "Fvp", "Fvp\Fvp.csproj", "{EB352C1D-4E9C-4622-9AA3-8DB4D9C809D7}"
EndProject
Global
	GlobalSection(SolutionConfigurationPlatforms) = preSolution
		Debug|Any CPU = Debug|Any CPU
		Release|Any CPU = Release|Any CPU
	EndGlobalSection
	GlobalSection(ProjectConfigurationPlatforms) = postSolution
		{EB352C1D-4E9C-4622-9AA3-8DB4D9C809D7}.Debug|Any CPU.ActiveCfg = Debug|Any CPU
		{EB352C1D-4E9C-4622-9AA3-8DB4D9C809D7}.Debug|Any CPU.Build.0 = Debug|Any CPU
		{EB352C1D-4E9C-4622-9AA3-8DB4D9C809D7}.Release|Any CPU.ActiveCfg = Release|Any CPU
		{EB352C1D-4E9C-4622-9AA3-8DB4D9C809D7}.Release|Any CPU.Build.0 = Release|Any CPU
	EndGlobalSection
	GlobalSection(SolutionProperties) = preSolution
		HideSolutionNode = FALSE
	EndGlobalSection
	GlobalSection(ExtensibilityGlobals) = postSolution
		SolutionGuid = {455FED1C-C0E0-4097-829C-80813BDBC108}
	EndGlobalSection
EndGlobal
